
Microsoft Visual Studio Solution File, Format Version 12.00
# Visual Studio 2012
Project("{FAE04EC0-301F-11D3-BF4B-00C04F79EFBC}") = "FolderHandling", "FolderHandling.csproj", "{FF631724-B3BE-4B6E-BB31-7F09DFA1F6EA}"
EndProject
Global
	GlobalSection(SolutionConfigurationPlatforms) = preSolution
		Debug|Any CPU = Debug|Any CPU
		Debug|x64 = Debug|x64
		Release|Any CPU = Release|Any CPU
		Release|x64 = Release|x64
	EndGlobalSection
	GlobalSection(ProjectConfigurationPlatforms) = postSolution
		{FF631724-B3BE-4B6E-BB31-7F09DFA1F6EA}.Debug|Any CPU.ActiveCfg = Debug|Any CPU
		{FF631724-B3BE-4B6E-BB31-7F09DFA1F6EA}.Debug|Any CPU.Build.0 = Debug|Any CPU
		{FF631724-B3BE-4B6E-BB31-7F09DFA1F6EA}.Debug|x64.ActiveCfg = Debug|x64
		{FF631724-B3BE-4B6E-BB31-7F09DFA1F6EA}.Debug|x64.Build.0 = Debug|x64
		{FF631724-B3BE-4B6E-BB31-7F09DFA1F6EA}.Release|Any CPU.ActiveCfg = Release|Any CPU
		{FF631724-B3BE-4B6E-BB31-7F09DFA1F6EA}.Release|Any CPU.Build.0 = Release|Any CPU
		{FF631724-B3BE-4B6E-BB31-7F09DFA1F6EA}.Release|x64.ActiveCfg = Release|Any CPU
		{FF631724-B3BE-4B6E-BB31-7F09DFA1F6EA}.Release|x64.Build.0 = Release|Any CPU
	EndGlobalSection
	GlobalSection(SolutionProperties) = preSolution
		HideSolutionNode = FALSE
	EndGlobalSection
EndGlobal
